// !$*UTF8*$!
{
	archiveVersion = 1;
	classes = {
	};
	objectVersion = 46;
	objects = {

/* Begin PBXBuildFile section */
		37E7248E1A383E1B0008050D /* main.m in Sources */ = {isa = PBXBuildFile; fileRef = 37E7248D1A383E1B0008050D /* main.m */; };
		37E724911A383E1B0008050D /* AppDelegate.m in Sources */ = {isa = PBXBuildFile; fileRef = 37E724901A383E1B0008050D /* AppDelegate.m */; };
		37E724941A383E1B0008050D /* ViewController.m in Sources */ = {isa = PBXBuildFile; fileRef = 37E724931A383E1B0008050D /* ViewController.m */; };
		37E724971A383E1B0008050D /* Main.storyboard in Resources */ = {isa = PBXBuildFile; fileRef = 37E724951A383E1B0008050D /* Main.storyboard */; };
		37E724991A383E1B0008050D /* Images.xcassets in Resources */ = {isa = PBXBuildFile; fileRef = 37E724981A383E1B0008050D /* Images.xcassets */; };
		37E7249C1A383E1B0008050D /* LaunchScreen.xib in Resources */ = {isa = PBXBuildFile; fileRef = 37E7249A1A383E1B0008050D /* LaunchScreen.xib */; };
		37E724A81A383E1B0008050D /* MOAlertControllerExampleTests.m in Sources */ = {isa = PBXBuildFile; fileRef = 37E724A71A383E1B0008050D /* MOAlertControllerExampleTests.m */; };
		97C7E48A69B8E0E2EA3F8DE1 /* libPods.a in Frameworks */ = {isa = PBXBuildFile; fileRef = 4B7947290D863BC6109CE58C /* libPods.a */; };
/* End PBXBuildFile section */

/* Begin PBXContainerItemProxy section */
		37E724A21A383E1B0008050D /* PBXContainerItemProxy */ = {
			isa = PBXContainerItemProxy;
			containerPortal = 37E724801A383E1B0008050D /* Project object */;
			proxyType = 1;
			remoteGlobalIDString = 37E724871A383E1B0008050D;
			remoteInfo = MOAlertControllerExample;
		};
/* End PBXContainerItemProxy section */

/* Begin PBXFileReference section */
		37E724881A383E1B0008050D /* MOAlertControllerExample.app */ = {isa = PBXFileReference; explicitFileType = wrapper.application; includeInIndex = 0; path = MOAlertControllerExample.app; sourceTree = BUILT_PRODUCTS_DIR; };
		37E7248C1A383E1B0008050D /* Info.plist */ = {isa = PBXFileReference; lastKnownFileType = text.plist.xml; path = Info.plist; sourceTree = "<group>"; };
		37E7248D1A383E1B0008050D /* main.m */ = {isa = PBXFileReference; lastKnownFileType = sourcecode.c.objc; path = main.m; sourceTree = "<group>"; };
		37E7248F1A383E1B0008050D /* AppDelegate.h */ = {isa = PBXFileReference; lastKnownFileType = sourcecode.c.h; path = AppDelegate.h; sourceTree = "<group>"; };
		37E724901A383E1B0008050D /* AppDelegate.m */ = {isa = PBXFileReference; lastKnownFileType = sourcecode.c.objc; path = AppDelegate.m; sourceTree = "<group>"; };
		37E724921A383E1B0008050D /* ViewController.h */ = {isa = PBXFileReference; lastKnownFileType = sourcecode.c.h; path = ViewController.h; sourceTree = "<group>"; };
		37E724931A383E1B0008050D /* ViewController.m */ = {isa = PBXFileReference; lastKnownFileType = sourcecode.c.objc; path = ViewController.m; sourceTree = "<group>"; };
		37E724961A383E1B0008050D /* Base */ = {isa = PBXFileReference; lastKnownFileType = file.storyboard; name = Base; path = Base.lproj/Main.storyboard; sourceTree = "<group>"; };
		37E724981A383E1B0008050D /* Images.xcassets */ = {isa = PBXFileReference; lastKnownFileType = folder.assetcatalog; path = Images.xcassets; sourceTree = "<group>"; };
		37E7249B1A383E1B0008050D /* Base */ = {isa = PBXFileReference; lastKnownFileType = file.xib; name = Base; path = Base.lproj/LaunchScreen.xib; sourceTree = "<group>"; };
		37E724A11A383E1B0008050D /* MOAlertControllerExampleTests.xctest */ = {isa = PBXFileReference; explicitFileType = wrapper.cfbundle; includeInIndex = 0; path = MOAlertControllerExampleTests.xctest; sourceTree = BUILT_PRODUCTS_DIR; };
		37E724A61A383E1B0008050D /* Info.plist */ = {isa = PBXFileReference; lastKnownFileType = text.plist.xml; path = Info.plist; sourceTree = "<group>"; };
		37E724A71A383E1B0008050D /* MOAlertControllerExampleTests.m */ = {isa = PBXFileReference; lastKnownFileType = sourcecode.c.objc; path = MOAlertControllerExampleTests.m; sourceTree = "<group>"; };
		47EDE77B698567F5DF79161B /* Pods.release.xcconfig */ = {isa = PBXFileReference; includeInIndex = 1; lastKnownFileType = text.xcconfig; name = Pods.release.xcconfig; path = "Pods/Target Support Files/Pods/Pods.release.xcconfig"; sourceTree = "<group>"; };
		4B7947290D863BC6109CE58C /* libPods.a */ = {isa = PBXFileReference; explicitFileType = archive.ar; includeInIndex = 0; path = libPods.a; sourceTree = BUILT_PRODUCTS_DIR; };
		4DEAB13CF362E9F1466C9DD8 /* Pods.debug.xcconfig */ = {isa = PBXFileReference; includeInIndex = 1; lastKnownFileType = text.xcconfig; name = Pods.debug.xcconfig; path = "Pods/Target Support Files/Pods/Pods.debug.xcconfig"; sourceTree = "<group>"; };
/* End PBXFileReference section */

/* Begin PBXFrameworksBuildPhase section */
		37E724851A383E1B0008050D /* Frameworks */ = {
			isa = PBXFrameworksBuildPhase;
			buildActionMask = 2147483647;
			files = (
				97C7E48A69B8E0E2EA3F8DE1 /* libPods.a in Frameworks */,
			);
			runOnlyForDeploymentPostprocessing = 0;
		};
		37E7249E1A383E1B0008050D /* Frameworks */ = {
			isa = PBXFrameworksBuildPhase;
			buildActionMask = 2147483647;
			files = (
			);
			runOnlyForDeploymentPostprocessing = 0;
		};
/* End PBXFrameworksBuildPhase section */

/* Begin PBXGroup section */
		37E7247F1A383E1B0008050D = {
			isa = PBXGroup;
			children = (
				37E7248A1A383E1B0008050D /* MOAlertControllerExample */,
				37E724A41A383E1B0008050D /* MOAlertControllerExampleTests */,
				37E724891A383E1B0008050D /* Products */,
				CCF3F3F7407E950DCA33B6CA /* Pods */,
				704EFD8230F232073064E5C0 /* Frameworks */,
			);
			sourceTree = "<group>";
		};
		37E724891A383E1B0008050D /* Products */ = {
			isa = PBXGroup;
			children = (
				37E724881A383E1B0008050D /* MOAlertControllerExample.app */,
				37E724A11A383E1B0008050D /* MOAlertControllerExampleTests.xctest */,
			);
			name = Products;
			sourceTree = "<group>";
		};
		37E7248A1A383E1B0008050D /* MOAlertControllerExample */ = {
			isa = PBXGroup;
			children = (
				37E7248F1A383E1B0008050D /* AppDelegate.h */,
				37E724901A383E1B0008050D /* AppDelegate.m */,
				37E724921A383E1B0008050D /* ViewController.h */,
				37E724931A383E1B0008050D /* ViewController.m */,
				37E724951A383E1B0008050D /* Main.storyboard */,
				37E724981A383E1B0008050D /* Images.xcassets */,
				37E7249A1A383E1B0008050D /* LaunchScreen.xib */,
				37E7248B1A383E1B0008050D /* Supporting Files */,
			);
			path = MOAlertControllerExample;
			sourceTree = "<group>";
		};
		37E7248B1A383E1B0008050D /* Supporting Files */ = {
			isa = PBXGroup;
			children = (
				37E7248C1A383E1B0008050D /* Info.plist */,
				37E7248D1A383E1B0008050D /* main.m */,
			);
			name = "Supporting Files";
			sourceTree = "<group>";
		};
		37E724A41A383E1B0008050D /* MOAlertControllerExampleTests */ = {
			isa = PBXGroup;
			children = (
				37E724A71A383E1B0008050D /* MOAlertControllerExampleTests.m */,
				37E724A51A383E1B0008050D /* Supporting Files */,
			);
			path = MOAlertControllerExampleTests;
			sourceTree = "<group>";
		};
		37E724A51A383E1B0008050D /* Supporting Files */ = {
			isa = PBXGroup;
			children = (
				37E724A61A383E1B0008050D /* Info.plist */,
			);
			name = "Supporting Files";
			sourceTree = "<group>";
		};
		704EFD8230F232073064E5C0 /* Frameworks */ = {
			isa = PBXGroup;
			children = (
				4B7947290D863BC6109CE58C /* libPods.a */,
			);
			name = Frameworks;
			sourceTree = "<group>";
		};
		CCF3F3F7407E950DCA33B6CA /* Pods */ = {
			isa = PBXGroup;
			children = (
				4DEAB13CF362E9F1466C9DD8 /* Pods.debug.xcconfig */,
				47EDE77B698567F5DF79161B /* Pods.release.xcconfig */,
			);
			name = Pods;
			sourceTree = "<group>";
		};
/* End PBXGroup section */

/* Begin PBXNativeTarget section */
		37E724871A383E1B0008050D /* MOAlertControllerExample */ = {
			isa = PBXNativeTarget;
			buildConfigurationList = 37E724AB1A383E1B0008050D /* Build configuration list for PBXNativeTarget "MOAlertControllerExample" */;
			buildPhases = (
				CF49434A4064CF0A87E2BBCD /* Check Pods Manifest.lock */,
				37E724841A383E1B0008050D /* Sources */,
				37E724851A383E1B0008050D /* Frameworks */,
				37E724861A383E1B0008050D /* Resources */,
				377F6FF7B33934C2CA37C2CD /* Copy Pods Resources */,
			);
			buildRules = (
			);
			dependencies = (
			);
			name = MOAlertControllerExample;
			productName = MOAlertControllerExample;
			productReference = 37E724881A383E1B0008050D /* MOAlertControllerExample.app */;
			productType = "com.apple.product-type.application";
		};
		37E724A01A383E1B0008050D /* MOAlertControllerExampleTests */ = {
			isa = PBXNativeTarget;
			buildConfigurationList = 37E724AE1A383E1B0008050D /* Build configuration list for PBXNativeTarget "MOAlertControllerExampleTests" */;
			buildPhases = (
				37E7249D1A383E1B0008050D /* Sources */,
				37E7249E1A383E1B0008050D /* Frameworks */,
				37E7249F1A383E1B0008050D /* Resources */,
			);
			buildRules = (
			);
			dependencies = (
				37E724A31A383E1B0008050D /* PBXTargetDependency */,
			);
			name = MOAlertControllerExampleTests;
			productName = MOAlertControllerExampleTests;
			productReference = 37E724A11A383E1B0008050D /* MOAlertControllerExampleTests.xctest */;
			productType = "com.apple.product-type.bundle.unit-test";
		};
/* End PBXNativeTarget section */

/* Begin PBXProject section */
		37E724801A383E1B0008050D /* Project object */ = {
			isa = PBXProject;
			attributes = {
				LastUpgradeCheck = 0610;
				ORGANIZATIONNAME = "鈴木大貴";
				TargetAttributes = {
					37E724871A383E1B0008050D = {
						CreatedOnToolsVersion = 6.1.1;
					};
					37E724A01A383E1B0008050D = {
						CreatedOnToolsVersion = 6.1.1;
						TestTargetID = 37E724871A383E1B0008050D;
					};
				};
			};
			buildConfigurationList = 37E724831A383E1B0008050D /* Build configuration list for PBXProject "MOAlertControllerExample" */;
			compatibilityVersion = "Xcode 3.2";
			developmentRegion = English;
			hasScannedForEncodings = 0;
			knownRegions = (
				en,
				Base,
			);
			mainGroup = 37E7247F1A383E1B0008050D;
			productRefGroup = 37E724891A383E1B0008050D /* Products */;
			projectDirPath = "";
			projectRoot = "";
			targets = (
				37E724871A383E1B0008050D /* MOAlertControllerExample */,
				37E724A01A383E1B0008050D /* MOAlertControllerExampleTests */,
			);
		};
/* End PBXProject section */

/* Begin PBXResourcesBuildPhase section */
		37E724861A383E1B0008050D /* Resources */ = {
			isa = PBXResourcesBuildPhase;
			buildActionMask = 2147483647;
			files = (
				37E724971A383E1B0008050D /* Main.storyboard in Resources */,
				37E7249C1A383E1B0008050D /* LaunchScreen.xib in Resources */,
				37E724991A383E1B0008050D /* Images.xcassets in Resources */,
			);
			runOnlyForDeploymentPostprocessing = 0;
		};
		37E7249F1A383E1B0008050D /* Resources */ = {
			isa = PBXResourcesBuildPhase;
			buildActionMask = 2147483647;
			files = (
			);
			runOnlyForDeploymentPostprocessing = 0;
		};
/* End PBXResourcesBuildPhase section */

/* Begin PBXShellScriptBuildPhase section */
		377F6FF7B33934C2CA37C2CD /* Copy Pods Resources */ = {
			isa = PBXShellScriptBuildPhase;
			buildActionMask = 2147483647;
			files = (
			);
			inputPaths = (
			);
			name = "Copy Pods Resources";
			outputPaths = (
			);
			runOnlyForDeploymentPostprocessing = 0;
			shellPath = /bin/sh;
			shellScript = "\"${SRCROOT}/Pods/Target Support Files/Pods/Pods-resources.sh\"\n";
			showEnvVarsInLog = 0;
		};
		CF49434A4064CF0A87E2BBCD /* Check Pods Manifest.lock */ = {
			isa = PBXShellScriptBuildPhase;
			buildActionMask = 2147483647;
			files = (
			);
			inputPaths = (
			);
			name = "Check Pods Manifest.lock";
			outputPaths = (
			);
			runOnlyForDeploymentPostprocessing = 0;
			shellPath = /bin/sh;
			shellScript = "diff \"${PODS_ROOT}/../Podfile.lock\" \"${PODS_ROOT}/Manifest.lock\" > /dev/null\nif [[ $? != 0 ]] ; then\n    cat << EOM\nerror: The sandbox is not in sync with the Podfile.lock. Run 'pod install' or update your CocoaPods installation.\nEOM\n    exit 1\nfi\n";
			showEnvVarsInLog = 0;
		};
/* End PBXShellScriptBuildPhase section */

/* Begin PBXSourcesBuildPhase section */
		37E724841A383E1B0008050D /* Sources */ = {
			isa = PBXSourcesBuildPhase;
			buildActionMask = 2147483647;
			files = (
				37E724941A383E1B0008050D /* ViewController.m in Sources */,
				37E724911A383E1B0008050D /* AppDelegate.m in Sources */,
				37E7248E1A383E1B0008050D /* main.m in Sources */,
			);
			runOnlyForDeploymentPostprocessing = 0;
		};
		37E7249D1A383E1B0008050D /* Sources */ = {
			isa = PBXSourcesBuildPhase;
			buildActionMask = 2147483647;
			files = (
				37E724A81A383E1B0008050D /* MOAlertControllerExampleTests.m in Sources */,
			);
			runOnlyForDeploymentPostprocessing = 0;
		};
/* End PBXSourcesBuildPhase section */

/* Begin PBXTargetDependency section */
		37E724A31A383E1B0008050D /* PBXTargetDependency */ = {
			isa = PBXTargetDependency;
			target = 37E724871A383E1B0008050D /* MOAlertControllerExample */;
			targetProxy = 37E724A21A383E1B0008050D /* PBXContainerItemProxy */;
		};
/* End PBXTargetDependency section */

/* Begin PBXVariantGroup section */
		37E724951A383E1B0008050D /* Main.storyboard */ = {
			isa = PBXVariantGroup;
			children = (
				37E724961A383E1B0008050D /* Base */,
			);
			name = Main.storyboard;
			sourceTree = "<group>";
		};
		37E7249A1A383E1B0008050D /* LaunchScreen.xib */ = {
			isa = PBXVariantGroup;
			children = (
				37E7249B1A383E1B0008050D /* Base */,
			);
			name = LaunchScreen.xib;
			sourceTree = "<group>";
		};
/* End PBXVariantGroup section */

/* Begin XCBuildConfiguration section */
		37E724A91A383E1B0008050D /* Debug */ = {
			isa = XCBuildConfiguration;
			buildSettings = {
				ALWAYS_SEARCH_USER_PATHS = NO;
				CLANG_CXX_LANGUAGE_STANDARD = "gnu++0x";
				CLANG_CXX_LIBRARY = "libc++";
				CLANG_ENABLE_MODULES = YES;
				CLANG_ENABLE_OBJC_ARC = YES;
				CLANG_WARN_BOOL_CONVERSION = YES;
				CLANG_WARN_CONSTANT_CONVERSION = YES;
				CLANG_WARN_DIRECT_OBJC_ISA_USAGE = YES_ERROR;
				CLANG_WARN_EMPTY_BODY = YES;
				CLANG_WARN_ENUM_CONVERSION = YES;
				CLANG_WARN_INT_CONVERSION = YES;
				CLANG_WARN_OBJC_ROOT_CLASS = YES_ERROR;
				CLANG_WARN_UNREACHABLE_CODE = YES;
				CLANG_WARN__DUPLICATE_METHOD_MATCH = YES;
				"CODE_SIGN_IDENTITY[sdk=iphoneos*]" = "iPhone Developer";
				COPY_PHASE_STRIP = NO;
				ENABLE_STRICT_OBJC_MSGSEND = YES;
				GCC_C_LANGUAGE_STANDARD = gnu99;
				GCC_DYNAMIC_NO_PIC = NO;
				GCC_OPTIMIZATION_LEVEL = 0;
				GCC_PREPROCESSOR_DEFINITIONS = (
					"DEBUG=1",
					"$(inherited)",
				);
				GCC_SYMBOLS_PRIVATE_EXTERN = NO;
				GCC_WARN_64_TO_32_BIT_CONVERSION = YES;
				GCC_WARN_ABOUT_RETURN_TYPE = YES_ERROR;
				GCC_WARN_UNDECLARED_SELECTOR = YES;
				GCC_WARN_UNINITIALIZED_AUTOS = YES_AGGRESSIVE;
				GCC_WARN_UNUSED_FUNCTION = YES;
				GCC_WARN_UNUSED_VARIABLE = YES;
				IPHONEOS_DEPLOYMENT_TARGET = 8.1;
				MTL_ENABLE_DEBUG_INFO = YES;
				ONLY_ACTIVE_ARCH = YES;
				SDKROOT = iphoneos;
			};
			name = Debug;
		};
		37E724AA1A383E1B0008050D /* Release */ = {
			isa = XCBuildConfiguration;
			buildSettings = {
				ALWAYS_SEARCH_USER_PATHS = NO;
				CLANG_CXX_LANGUAGE_STANDARD = "gnu++0x";
				CLANG_CXX_LIBRARY = "libc++";
				CLANG_ENABLE_MODULES = YES;
				CLANG_ENABLE_OBJC_ARC = YES;
				CLANG_WARN_BOOL_CONVERSION = YES;
				CLANG_WARN_CONSTANT_CONVERSION = YES;
				CLANG_WARN_DIRECT_OBJC_ISA_USAGE = YES_ERROR;
				CLANG_WARN_EMPTY_BODY = YES;
				CLANG_WARN_ENUM_CONVERSION = YES;
				CLANG_WARN_INT_CONVERSION = YES;
				CLANG_WARN_OBJC_ROOT_CLASS = YES_ERROR;
				CLANG_WARN_UNREACHABLE_CODE = YES;
				CLANG_WARN__DUPLICATE_METHOD_MATCH = YES;
				"CODE_SIGN_IDENTITY[sdk=iphoneos*]" = "iPhone Developer";
				COPY_PHASE_STRIP = YES;
				ENABLE_NS_ASSERTIONS = NO;
				ENABLE_STRICT_OBJC_MSGSEND = YES;
				GCC_C_LANGUAGE_STANDARD = gnu99;
				GCC_WARN_64_TO_32_BIT_CONVERSION = YES;
				GCC_WARN_ABOUT_RETURN_TYPE = YES_ERROR;
				GCC_WARN_UNDECLARED_SELECTOR = YES;
				GCC_WARN_UNINITIALIZED_AUTOS = YES_AGGRESSIVE;
				GCC_WARN_UNUSED_FUNCTION = YES;
				GCC_WARN_UNUSED_VARIABLE = YES;
				IPHONEOS_DEPLOYMENT_TARGET = 8.1;
				MTL_ENABLE_DEBUG_INFO = NO;
				SDKROOT = iphoneos;
				VALIDATE_PRODUCT = YES;
			};
			name = Release;
		};
		37E724AC1A383E1B0008050D /* Debug */ = {
			isa = XCBuildConfiguration;
			baseConfigurationReference = 4DEAB13CF362E9F1466C9DD8 /* Pods.debug.xcconfig */;
			buildSettings = {
				ASSETCATALOG_COMPILER_APPICON_NAME = AppIcon;
				INFOPLIST_FILE = MOAlertControllerExample/Info.plist;
				IPHONEOS_DEPLOYMENT_TARGET = 7.0;
				LD_RUNPATH_SEARCH_PATHS = "$(inherited) @executable_path/Frameworks";
				PRODUCT_NAME = "$(TARGET_NAME)";
			};
			name = Debug;
		};
		37E724AD1A383E1B0008050D /* Release */ = {
			isa = XCBuildConfiguration;
			baseConfigurationReference = 47EDE77B698567F5DF79161B /* Pods.release.xcconfig */;
			buildSettings = {
				ASSETCATALOG_COMPILER_APPICON_NAME = AppIcon;
				INFOPLIST_FILE = MOAlertControllerExample/Info.plist;
				IPHONEOS_DEPLOYMENT_TARGET = 7.0;
				LD_RUNPATH_SEARCH_PATHS = "$(inherited) @executable_path/Frameworks";
				PRODUCT_NAME = "$(TARGET_NAME)";
			};
			name = Release;
		};
		37E724AF1A383E1B0008050D /* Debug */ = {
			isa = XCBuildConfiguration;
			buildSettings = {
				BUNDLE_LOADER = "$(TEST_HOST)";
				FRAMEWORK_SEARCH_PATHS = (
					"$(SDKROOT)/Developer/Library/Frameworks",
					"$(inherited)",
				);
				GCC_PREPROCESSOR_DEFINITIONS = (
					"DEBUG=1",
					"$(inherited)",
				);
				INFOPLIST_FILE = MOAlertControllerExampleTests/Info.plist;
				LD_RUNPATH_SEARCH_PATHS = "$(inherited) @executable_path/Frameworks @loader_path/Frameworks";
				PRODUCT_NAME = "$(TARGET_NAME)";
				TEST_HOST = "$(BUILT_PRODUCTS_DIR)/MOAlertControllerExample.app/MOAlertControllerExample";
			};
			name = Debug;
		};
		37E724B01A383E1B0008050D /* Release */ = {
			isa = XCBuildConfiguration;
			buildSettings = {
				BUNDLE_LOADER = "$(TEST_HOST)";
				FRAMEWORK_SEARCH_PATHS = (
					"$(SDKROOT)/Developer/Library/Frameworks",
					"$(inherited)",
				);
				INFOPLIST_FILE = MOAlertControllerExampleTests/Info.plist;
				LD_RUNPATH_SEARCH_PATHS = "$(inherited) @executable_path/Frameworks @loader_path/Frameworks";
				PRODUCT_NAME = "$(TARGET_NAME)";
				TEST_HOST = "$(BUILT_PRODUCTS_DIR)/MOAlertControllerExample.app/MOAlertControllerExample";
			};
			name = Release;
		};
/* End XCBuildConfiguration section */

/* Begin XCConfigurationList section */
		37E724831A383E1B0008050D /* Build configuration list for PBXProject "MOAlertControllerExample" */ = {
			isa = XCConfigurationList;
			buildConfigurations = (
				37E724A91A383E1B0008050D /* Debug */,
				37E724AA1A383E1B0008050D /* Release */,
			);
			defaultConfigurationIsVisible = 0;
			defaultConfigurationName = Release;
		};
		37E724AB1A383E1B0008050D /* Build configuration list for PBXNativeTarget "MOAlertControllerExample" */ = {
			isa = XCConfigurationList;
			buildConfigurations = (
				37E724AC1A383E1B0008050D /* Debug */,
				37E724AD1A383E1B0008050D /* Release */,
			);
			defaultConfigurationIsVisible = 0;
			defaultConfigurationName = Release;
		};
		37E724AE1A383E1B0008050D /* Build configuration list for PBXNativeTarget "MOAlertControllerExampleTests" */ = {
			isa = XCConfigurationList;
			buildConfigurations = (
				37E724AF1A383E1B0008050D /* Debug */,
				37E724B01A383E1B0008050D /* Release */,
			);
			defaultConfigurationIsVisible = 0;
			defaultConfigurationName = Release;
		};
/* End XCConfigurationList section */
	};
	rootObject = 37E724801A383E1B0008050D /* Project object */;
}
